
Microsoft Visual Studio Solution File, Format Version 12.00
# Visual Studio Version 16
VisualStudioVersion = 16.0.31729.503
MinimumVisualStudioVersion = 10.0.40219.1
Project("{FAE04EC0-301F-11D3-BF4B-00C04F79EFBC}") = "Blog", "Blog\Blog.csproj", "{AACCF5CD-1CE7-46B0-AD48-E8B412BEEB3C}"
EndProject
Global
	GlobalSection(SolutionConfigurationPlatforms) = preSolution
		Debug|Any CPU = Debug|Any CPU
		Release|Any CPU = Release|Any CPU
	EndGlobalSection
	GlobalSection(ProjectConfigurationPlatforms) = postSolution
		{AACCF5CD-1CE7-46B0-AD48-E8B412BEEB3C}.Debug|Any CPU.ActiveCfg = Debug|Any CPU
		{AACCF5CD-1CE7-46B0-AD48-E8B412BEEB3C}.Debug|Any CPU.Build.0 = Debug|Any CPU
		{AACCF5CD-1CE7-46B0-AD48-E8B412BEEB3C}.Release|Any CPU.ActiveCfg = Release|Any CPU
		{AACCF5CD-1CE7-46B0-AD48-E8B412BEEB3C}.Release|Any CPU.Build.0 = Release|Any CPU
	EndGlobalSection
	GlobalSection(SolutionProperties) = preSolution
		HideSolutionNode = FALSE
	EndGlobalSection
	GlobalSection(ExtensibilityGlobals) = postSolution
		SolutionGuid = {48B2044C-EECB-4923-866D-78743760B957}
	EndGlobalSection
EndGlobal
